// !$*UTF8*$!
{
	archiveVersion = 1;
	classes = {
	};
	objectVersion = 56;
	objects = {

/* Begin PBXBuildFile section */
		B06E3B632C22A6CE0093BAF0 /* mainApplication.swift in Sources */ = {isa = PBXBuildFile; fileRef = B06E3B622C22A6CE0093BAF0 /* mainApplication.swift */; };
		B06E3B652C22A6CE0093BAF0 /* ContentView.swift in Sources */ = {isa = PBXBuildFile; fileRef = B06E3B642C22A6CE0093BAF0 /* ContentView.swift */; };
		B06E3B672C22A6CF0093BAF0 /* Assets.xcassets in Resources */ = {isa = PBXBuildFile; fileRef = B06E3B662C22A6CF0093BAF0 /* Assets.xcassets */; };
		B06E3B6A2C22A6CF0093BAF0 /* Preview Assets.xcassets in Resources */ = {isa = PBXBuildFile; fileRef = B06E3B692C22A6CF0093BAF0 /* Preview Assets.xcassets */; };
		B06E3B6C2C22A6CF0093BAF0 /* Persistence.swift in Sources */ = {isa = PBXBuildFile; fileRef = B06E3B6B2C22A6CF0093BAF0 /* Persistence.swift */; };
		B06E3B6F2C22A6CF0093BAF0 /* mail_service_iOS.xcdatamodeld in Sources */ = {isa = PBXBuildFile; fileRef = B06E3B6D2C22A6CF0093BAF0 /* mail_service_iOS.xcdatamodeld */; };
		B0780D962C27F2510095F55D /* RegistrationViewModel.swift in Sources */ = {isa = PBXBuildFile; fileRef = B0780D952C27F2510095F55D /* RegistrationViewModel.swift */; };
		B0780D992C27F2800095F55D /* RegistrationView.swift in Sources */ = {isa = PBXBuildFile; fileRef = B0780D982C27F2800095F55D /* RegistrationView.swift */; };
		B0780D9D2C27F2A90095F55D /* UserModel.swift in Sources */ = {isa = PBXBuildFile; fileRef = B0780D9C2C27F2A90095F55D /* UserModel.swift */; };
		B0780DB32C27FAB00095F55D /* Alamofire in Frameworks */ = {isa = PBXBuildFile; productRef = B0780DB22C27FAB00095F55D /* Alamofire */; };
		B0780DB52C27FD3F0095F55D /* NetworkService.swift in Sources */ = {isa = PBXBuildFile; fileRef = B0780DB42C27FD3F0095F55D /* NetworkService.swift */; };
		B0780DB82C2806D80095F55D /* UserUseCase.swift in Sources */ = {isa = PBXBuildFile; fileRef = B0780DB72C2806D70095F55D /* UserUseCase.swift */; };
/* End PBXBuildFile section */

/* Begin PBXFileReference section */
		B06E3B5F2C22A6CE0093BAF0 /* mail-service.iOS.app */ = {isa = PBXFileReference; explicitFileType = wrapper.application; includeInIndex = 0; path = "mail-service.iOS.app"; sourceTree = BUILT_PRODUCTS_DIR; };
		B06E3B622C22A6CE0093BAF0 /* mainApplication.swift */ = {isa = PBXFileReference; lastKnownFileType = sourcecode.swift; path = mainApplication.swift; sourceTree = "<group>"; };
		B06E3B642C22A6CE0093BAF0 /* ContentView.swift */ = {isa = PBXFileReference; lastKnownFileType = sourcecode.swift; path = ContentView.swift; sourceTree = "<group>"; };
		B06E3B662C22A6CF0093BAF0 /* Assets.xcassets */ = {isa = PBXFileReference; lastKnownFileType = folder.assetcatalog; path = Assets.xcassets; sourceTree = "<group>"; };
		B06E3B692C22A6CF0093BAF0 /* Preview Assets.xcassets */ = {isa = PBXFileReference; lastKnownFileType = folder.assetcatalog; path = "Preview Assets.xcassets"; sourceTree = "<group>"; };
		B06E3B6B2C22A6CF0093BAF0 /* Persistence.swift */ = {isa = PBXFileReference; lastKnownFileType = sourcecode.swift; path = Persistence.swift; sourceTree = "<group>"; };
		B06E3B6E2C22A6CF0093BAF0 /* mail_service_iOS.xcdatamodel */ = {isa = PBXFileReference; lastKnownFileType = wrapper.xcdatamodel; path = mail_service_iOS.xcdatamodel; sourceTree = "<group>"; };
		B0780D922C27F0FA0095F55D /* mail-service-iOS-Info.plist */ = {isa = PBXFileReference; lastKnownFileType = text.plist.xml; name = "mail-service-iOS-Info.plist"; path = "mail-service.iOS/Application/mail-service-iOS-Info.plist"; sourceTree = SOURCE_ROOT; };
		B0780D952C27F2510095F55D /* RegistrationViewModel.swift */ = {isa = PBXFileReference; lastKnownFileType = sourcecode.swift; path = RegistrationViewModel.swift; sourceTree = "<group>"; };
		B0780D982C27F2800095F55D /* RegistrationView.swift */ = {isa = PBXFileReference; lastKnownFileType = sourcecode.swift; path = RegistrationView.swift; sourceTree = "<group>"; };
		B0780D9C2C27F2A90095F55D /* UserModel.swift */ = {isa = PBXFileReference; lastKnownFileType = sourcecode.swift; path = UserModel.swift; sourceTree = "<group>"; };
		B0780DB42C27FD3F0095F55D /* NetworkService.swift */ = {isa = PBXFileReference; lastKnownFileType = sourcecode.swift; path = NetworkService.swift; sourceTree = "<group>"; };
		B0780DB72C2806D70095F55D /* UserUseCase.swift */ = {isa = PBXFileReference; lastKnownFileType = sourcecode.swift; path = UserUseCase.swift; sourceTree = "<group>"; };
/* End PBXFileReference section */

/* Begin PBXFrameworksBuildPhase section */
		B06E3B5C2C22A6CE0093BAF0 /* Frameworks */ = {
			isa = PBXFrameworksBuildPhase;
			buildActionMask = 2147483647;
			files = (
				B0780DB32C27FAB00095F55D /* Alamofire in Frameworks */,
			);
			runOnlyForDeploymentPostprocessing = 0;
		};
/* End PBXFrameworksBuildPhase section */

/* Begin PBXGroup section */
		B06E3B562C22A6CE0093BAF0 = {
			isa = PBXGroup;
			children = (
				B06E3B612C22A6CE0093BAF0 /* mail-service.iOS */,
				B06E3B602C22A6CE0093BAF0 /* Products */,
			);
			sourceTree = "<group>";
		};
		B06E3B602C22A6CE0093BAF0 /* Products */ = {
			isa = PBXGroup;
			children = (
				B06E3B5F2C22A6CE0093BAF0 /* mail-service.iOS.app */,
			);
			name = Products;
			sourceTree = "<group>";
		};
		B06E3B612C22A6CE0093BAF0 /* mail-service.iOS */ = {
			isa = PBXGroup;
			children = (
				B0780D9A2C27F28F0095F55D /* Domain */,
				B0780D932C27F2350095F55D /* Presentation */,
				B0780D8F2C27F0250095F55D /* Data */,
				B0780D8E2C27EFFF0095F55D /* Application */,
				B06E3B682C22A6CF0093BAF0 /* Preview Content */,
			);
			path = "mail-service.iOS";
			sourceTree = "<group>";
		};
		B06E3B682C22A6CF0093BAF0 /* Preview Content */ = {
			isa = PBXGroup;
			children = (
				B06E3B692C22A6CF0093BAF0 /* Preview Assets.xcassets */,
			);
			path = "Preview Content";
			sourceTree = "<group>";
		};
		B0780D8E2C27EFFF0095F55D /* Application */ = {
			isa = PBXGroup;
			children = (
				B0780D922C27F0FA0095F55D /* mail-service-iOS-Info.plist */,
				B06E3B622C22A6CE0093BAF0 /* mainApplication.swift */,
				B06E3B662C22A6CF0093BAF0 /* Assets.xcassets */,
				B06E3B642C22A6CE0093BAF0 /* ContentView.swift */,
			);
			path = Application;
			sourceTree = "<group>";
		};
		B0780D8F2C27F0250095F55D /* Data */ = {
			isa = PBXGroup;
			children = (
				B0780D902C27F0660095F55D /* Service */,
			);
			path = Data;
			sourceTree = "<group>";
		};
		B0780D902C27F0660095F55D /* Service */ = {
			isa = PBXGroup;
			children = (
				B0780D9E2C27F3C60095F55D /* Network */,
				B0780D912C27F06E0095F55D /* CoreData */,
			);
			path = Service;
			sourceTree = "<group>";
		};
		B0780D912C27F06E0095F55D /* CoreData */ = {
			isa = PBXGroup;
			children = (
				B06E3B6B2C22A6CF0093BAF0 /* Persistence.swift */,
				B06E3B6D2C22A6CF0093BAF0 /* mail_service_iOS.xcdatamodeld */,
			);
			path = CoreData;
			sourceTree = "<group>";
		};
		B0780D932C27F2350095F55D /* Presentation */ = {
			isa = PBXGroup;
			children = (
				B0780D972C27F2650095F55D /* View */,
				B0780D942C27F23D0095F55D /* ViewModel */,
			);
			path = Presentation;
			sourceTree = "<group>";
		};
		B0780D942C27F23D0095F55D /* ViewModel */ = {
			isa = PBXGroup;
			children = (
				B0780D952C27F2510095F55D /* RegistrationViewModel.swift */,
			);
			path = ViewModel;
			sourceTree = "<group>";
		};
		B0780D972C27F2650095F55D /* View */ = {
			isa = PBXGroup;
			children = (
				B0780D982C27F2800095F55D /* RegistrationView.swift */,
			);
			path = View;
			sourceTree = "<group>";
		};
		B0780D9A2C27F28F0095F55D /* Domain */ = {
			isa = PBXGroup;
			children = (
				B0780DB62C2806CB0095F55D /* UseCase */,
				B0780D9B2C27F29D0095F55D /* Model */,
			);
			path = Domain;
			sourceTree = "<group>";
		};
		B0780D9B2C27F29D0095F55D /* Model */ = {
			isa = PBXGroup;
			children = (
				B0780D9C2C27F2A90095F55D /* UserModel.swift */,
			);
			path = Model;
			sourceTree = "<group>";
		};
		B0780D9E2C27F3C60095F55D /* Network */ = {
			isa = PBXGroup;
			children = (
				B0780DB42C27FD3F0095F55D /* NetworkService.swift */,
			);
			path = Network;
			sourceTree = "<group>";
		};
		B0780DB62C2806CB0095F55D /* UseCase */ = {
			isa = PBXGroup;
			children = (
				B0780DB72C2806D70095F55D /* UserUseCase.swift */,
			);
			path = UseCase;
			sourceTree = "<group>";
		};
/* End PBXGroup section */

/* Begin PBXNativeTarget section */
		B06E3B5E2C22A6CE0093BAF0 /* mail-service.iOS */ = {
			isa = PBXNativeTarget;
			buildConfigurationList = B06E3B722C22A6CF0093BAF0 /* Build configuration list for PBXNativeTarget "mail-service.iOS" */;
			buildPhases = (
				B06E3B5B2C22A6CE0093BAF0 /* Sources */,
				B06E3B5C2C22A6CE0093BAF0 /* Frameworks */,
				B06E3B5D2C22A6CE0093BAF0 /* Resources */,
			);
			buildRules = (
			);
			dependencies = (
			);
			name = "mail-service.iOS";
			packageProductDependencies = (
				B0780DB22C27FAB00095F55D /* Alamofire */,
			);
			productName = "mail-service.iOS";
			productReference = B06E3B5F2C22A6CE0093BAF0 /* mail-service.iOS.app */;
			productType = "com.apple.product-type.application";
		};
/* End PBXNativeTarget section */

/* Begin PBXProject section */
		B06E3B572C22A6CE0093BAF0 /* Project object */ = {
			isa = PBXProject;
			attributes = {
				BuildIndependentTargetsInParallel = 1;
				LastSwiftUpdateCheck = 1520;
				LastUpgradeCheck = 1520;
				TargetAttributes = {
					B06E3B5E2C22A6CE0093BAF0 = {
						CreatedOnToolsVersion = 15.2;
					};
				};
			};
			buildConfigurationList = B06E3B5A2C22A6CE0093BAF0 /* Build configuration list for PBXProject "mail-service.iOS" */;
			compatibilityVersion = "Xcode 14.0";
			developmentRegion = en;
			hasScannedForEncodings = 0;
			knownRegions = (
				en,
				Base,
			);
			mainGroup = B06E3B562C22A6CE0093BAF0;
			packageReferences = (
				B0780DB12C27FAB00095F55D /* XCRemoteSwiftPackageReference "Alamofire" */,
			);
			productRefGroup = B06E3B602C22A6CE0093BAF0 /* Products */;
			projectDirPath = "";
			projectRoot = "";
			targets = (
				B06E3B5E2C22A6CE0093BAF0 /* mail-service.iOS */,
			);
		};
/* End PBXProject section */

/* Begin PBXResourcesBuildPhase section */
		B06E3B5D2C22A6CE0093BAF0 /* Resources */ = {
			isa = PBXResourcesBuildPhase;
			buildActionMask = 2147483647;
			files = (
				B06E3B6A2C22A6CF0093BAF0 /* Preview Assets.xcassets in Resources */,
				B06E3B672C22A6CF0093BAF0 /* Assets.xcassets in Resources */,
			);
			runOnlyForDeploymentPostprocessing = 0;
		};
/* End PBXResourcesBuildPhase section */

/* Begin PBXSourcesBuildPhase section */
		B06E3B5B2C22A6CE0093BAF0 /* Sources */ = {
			isa = PBXSourcesBuildPhase;
			buildActionMask = 2147483647;
			files = (
				B0780D962C27F2510095F55D /* RegistrationViewModel.swift in Sources */,
				B0780D9D2C27F2A90095F55D /* UserModel.swift in Sources */,
				B0780DB52C27FD3F0095F55D /* NetworkService.swift in Sources */,
				B06E3B6C2C22A6CF0093BAF0 /* Persistence.swift in Sources */,
				B06E3B652C22A6CE0093BAF0 /* ContentView.swift in Sources */,
				B0780DB82C2806D80095F55D /* UserUseCase.swift in Sources */,
				B0780D992C27F2800095F55D /* RegistrationView.swift in Sources */,
				B06E3B6F2C22A6CF0093BAF0 /* mail_service_iOS.xcdatamodeld in Sources */,
				B06E3B632C22A6CE0093BAF0 /* mainApplication.swift in Sources */,
			);
			runOnlyForDeploymentPostprocessing = 0;
		};
/* End PBXSourcesBuildPhase section */

/* Begin XCBuildConfiguration section */
		B06E3B702C22A6CF0093BAF0 /* Debug */ = {
			isa = XCBuildConfiguration;
			buildSettings = {
				ALWAYS_SEARCH_USER_PATHS = NO;
				ASSETCATALOG_COMPILER_GENERATE_SWIFT_ASSET_SYMBOL_EXTENSIONS = YES;
				CLANG_ANALYZER_NONNULL = YES;
				CLANG_ANALYZER_NUMBER_OBJECT_CONVERSION = YES_AGGRESSIVE;
				CLANG_CXX_LANGUAGE_STANDARD = "gnu++20";
				CLANG_ENABLE_MODULES = YES;
				CLANG_ENABLE_OBJC_ARC = YES;
				CLANG_ENABLE_OBJC_WEAK = YES;
				CLANG_WARN_BLOCK_CAPTURE_AUTORELEASING = YES;
				CLANG_WARN_BOOL_CONVERSION = YES;
				CLANG_WARN_COMMA = YES;
				CLANG_WARN_CONSTANT_CONVERSION = YES;
				CLANG_WARN_DEPRECATED_OBJC_IMPLEMENTATIONS = YES;
				CLANG_WARN_DIRECT_OBJC_ISA_USAGE = YES_ERROR;
				CLANG_WARN_DOCUMENTATION_COMMENTS = YES;
				CLANG_WARN_EMPTY_BODY = YES;
				CLANG_WARN_ENUM_CONVERSION = YES;
				CLANG_WARN_INFINITE_RECURSION = YES;
				CLANG_WARN_INT_CONVERSION = YES;
				CLANG_WARN_NON_LITERAL_NULL_CONVERSION = YES;
				CLANG_WARN_OBJC_IMPLICIT_RETAIN_SELF = YES;
				CLANG_WARN_OBJC_LITERAL_CONVERSION = YES;
				CLANG_WARN_OBJC_ROOT_CLASS = YES_ERROR;
				CLANG_WARN_QUOTED_INCLUDE_IN_FRAMEWORK_HEADER = YES;
				CLANG_WARN_RANGE_LOOP_ANALYSIS = YES;
				CLANG_WARN_STRICT_PROTOTYPES = YES;
				CLANG_WARN_SUSPICIOUS_MOVE = YES;
				CLANG_WARN_UNGUARDED_AVAILABILITY = YES_AGGRESSIVE;
				CLANG_WARN_UNREACHABLE_CODE = YES;
				CLANG_WARN__DUPLICATE_METHOD_MATCH = YES;
				COPY_PHASE_STRIP = NO;
				DEBUG_INFORMATION_FORMAT = dwarf;
				ENABLE_STRICT_OBJC_MSGSEND = YES;
				ENABLE_TESTABILITY = YES;
				ENABLE_USER_SCRIPT_SANDBOXING = YES;
				GCC_C_LANGUAGE_STANDARD = gnu17;
				GCC_DYNAMIC_NO_PIC = NO;
				GCC_NO_COMMON_BLOCKS = YES;
				GCC_OPTIMIZATION_LEVEL = 0;
				GCC_PREPROCESSOR_DEFINITIONS = (
					"DEBUG=1",
					"$(inherited)",
				);
				GCC_WARN_64_TO_32_BIT_CONVERSION = YES;
				GCC_WARN_ABOUT_RETURN_TYPE = YES_ERROR;
				GCC_WARN_UNDECLARED_SELECTOR = YES;
				GCC_WARN_UNINITIALIZED_AUTOS = YES_AGGRESSIVE;
				GCC_WARN_UNUSED_FUNCTION = YES;
				GCC_WARN_UNUSED_VARIABLE = YES;
				IPHONEOS_DEPLOYMENT_TARGET = 17.2;
				LOCALIZATION_PREFERS_STRING_CATALOGS = YES;
				MTL_ENABLE_DEBUG_INFO = INCLUDE_SOURCE;
				MTL_FAST_MATH = YES;
				ONLY_ACTIVE_ARCH = YES;
				SDKROOT = iphoneos;
				SWIFT_ACTIVE_COMPILATION_CONDITIONS = "DEBUG $(inherited)";
				SWIFT_OPTIMIZATION_LEVEL = "-Onone";
			};
			name = Debug;
		};
		B06E3B712C22A6CF0093BAF0 /* Release */ = {
			isa = XCBuildConfiguration;
			buildSettings = {
				ALWAYS_SEARCH_USER_PATHS = NO;
				ASSETCATALOG_COMPILER_GENERATE_SWIFT_ASSET_SYMBOL_EXTENSIONS = YES;
				CLANG_ANALYZER_NONNULL = YES;
				CLANG_ANALYZER_NUMBER_OBJECT_CONVERSION = YES_AGGRESSIVE;
				CLANG_CXX_LANGUAGE_STANDARD = "gnu++20";
				CLANG_ENABLE_MODULES = YES;
				CLANG_ENABLE_OBJC_ARC = YES;
				CLANG_ENABLE_OBJC_WEAK = YES;
				CLANG_WARN_BLOCK_CAPTURE_AUTORELEASING = YES;
				CLANG_WARN_BOOL_CONVERSION = YES;
				CLANG_WARN_COMMA = YES;
				CLANG_WARN_CONSTANT_CONVERSION = YES;
				CLANG_WARN_DEPRECATED_OBJC_IMPLEMENTATIONS = YES;
				CLANG_WARN_DIRECT_OBJC_ISA_USAGE = YES_ERROR;
				CLANG_WARN_DOCUMENTATION_COMMENTS = YES;
				CLANG_WARN_EMPTY_BODY = YES;
				CLANG_WARN_ENUM_CONVERSION = YES;
				CLANG_WARN_INFINITE_RECURSION = YES;
				CLANG_WARN_INT_CONVERSION = YES;
				CLANG_WARN_NON_LITERAL_NULL_CONVERSION = YES;
				CLANG_WARN_OBJC_IMPLICIT_RETAIN_SELF = YES;
				CLANG_WARN_OBJC_LITERAL_CONVERSION = YES;
				CLANG_WARN_OBJC_ROOT_CLASS = YES_ERROR;
				CLANG_WARN_QUOTED_INCLUDE_IN_FRAMEWORK_HEADER = YES;
				CLANG_WARN_RANGE_LOOP_ANALYSIS = YES;
				CLANG_WARN_STRICT_PROTOTYPES = YES;
				CLANG_WARN_SUSPICIOUS_MOVE = YES;
				CLANG_WARN_UNGUARDED_AVAILABILITY = YES_AGGRESSIVE;
				CLANG_WARN_UNREACHABLE_CODE = YES;
				CLANG_WARN__DUPLICATE_METHOD_MATCH = YES;
				COPY_PHASE_STRIP = NO;
				DEBUG_INFORMATION_FORMAT = "dwarf-with-dsym";
				ENABLE_NS_ASSERTIONS = NO;
				ENABLE_STRICT_OBJC_MSGSEND = YES;
				ENABLE_USER_SCRIPT_SANDBOXING = YES;
				GCC_C_LANGUAGE_STANDARD = gnu17;
				GCC_NO_COMMON_BLOCKS = YES;
				GCC_WARN_64_TO_32_BIT_CONVERSION = YES;
				GCC_WARN_ABOUT_RETURN_TYPE = YES_ERROR;
				GCC_WARN_UNDECLARED_SELECTOR = YES;
				GCC_WARN_UNINITIALIZED_AUTOS = YES_AGGRESSIVE;
				GCC_WARN_UNUSED_FUNCTION = YES;
				GCC_WARN_UNUSED_VARIABLE = YES;
				IPHONEOS_DEPLOYMENT_TARGET = 17.2;
				LOCALIZATION_PREFERS_STRING_CATALOGS = YES;
				MTL_ENABLE_DEBUG_INFO = NO;
				MTL_FAST_MATH = YES;
				SDKROOT = iphoneos;
				SWIFT_COMPILATION_MODE = wholemodule;
				VALIDATE_PRODUCT = YES;
			};
			name = Release;
		};
		B06E3B732C22A6CF0093BAF0 /* Debug */ = {
			isa = XCBuildConfiguration;
			buildSettings = {
				ASSETCATALOG_COMPILER_APPICON_NAME = AppIcon;
				ASSETCATALOG_COMPILER_GLOBAL_ACCENT_COLOR_NAME = AccentColor;
				CODE_SIGN_STYLE = Automatic;
				CURRENT_PROJECT_VERSION = 1;
				DEVELOPMENT_ASSET_PATHS = "\"mail-service.iOS/Preview Content\"";
				DEVELOPMENT_TEAM = L4LS264DFA;
				ENABLE_PREVIEWS = YES;
				GENERATE_INFOPLIST_FILE = YES;
				INFOPLIST_FILE = "mail-service.iOS/Application/mail-service-iOS-Info.plist";
				INFOPLIST_KEY_UIApplicationSceneManifest_Generation = YES;
				INFOPLIST_KEY_UIApplicationSupportsIndirectInputEvents = YES;
				INFOPLIST_KEY_UILaunchScreen_Generation = YES;
				INFOPLIST_KEY_UISupportedInterfaceOrientations_iPad = "UIInterfaceOrientationPortrait UIInterfaceOrientationPortraitUpsideDown UIInterfaceOrientationLandscapeLeft UIInterfaceOrientationLandscapeRight";
				INFOPLIST_KEY_UISupportedInterfaceOrientations_iPhone = "UIInterfaceOrientationPortrait UIInterfaceOrientationLandscapeLeft UIInterfaceOrientationLandscapeRight";
				LD_RUNPATH_SEARCH_PATHS = (
					"$(inherited)",
					"@executable_path/Frameworks",
				);
				MARKETING_VERSION = 1.0;
				PRODUCT_BUNDLE_IDENTIFIER = "Tark-Wight.mail-service-iOS";
				PRODUCT_NAME = "$(TARGET_NAME)";
				SWIFT_EMIT_LOC_STRINGS = YES;
				SWIFT_VERSION = 5.0;
				TARGETED_DEVICE_FAMILY = "1,2";
			};
			name = Debug;
		};
		B06E3B742C22A6CF0093BAF0 /* Release */ = {
			isa = XCBuildConfiguration;
			buildSettings = {
				ASSETCATALOG_COMPILER_APPICON_NAME = AppIcon;
				ASSETCATALOG_COMPILER_GLOBAL_ACCENT_COLOR_NAME = AccentColor;
				CODE_SIGN_STYLE = Automatic;
				CURRENT_PROJECT_VERSION = 1;
				DEVELOPMENT_ASSET_PATHS = "\"mail-service.iOS/Preview Content\"";
				DEVELOPMENT_TEAM = L4LS264DFA;
				ENABLE_PREVIEWS = YES;
				GENERATE_INFOPLIST_FILE = YES;
				INFOPLIST_FILE = "mail-service.iOS/Application/mail-service-iOS-Info.plist";
				INFOPLIST_KEY_UIApplicationSceneManifest_Generation = YES;
				INFOPLIST_KEY_UIApplicationSupportsIndirectInputEvents = YES;
				INFOPLIST_KEY_UILaunchScreen_Generation = YES;
				INFOPLIST_KEY_UISupportedInterfaceOrientations_iPad = "UIInterfaceOrientationPortrait UIInterfaceOrientationPortraitUpsideDown UIInterfaceOrientationLandscapeLeft UIInterfaceOrientationLandscapeRight";
				INFOPLIST_KEY_UISupportedInterfaceOrientations_iPhone = "UIInterfaceOrientationPortrait UIInterfaceOrientationLandscapeLeft UIInterfaceOrientationLandscapeRight";
				LD_RUNPATH_SEARCH_PATHS = (
					"$(inherited)",
					"@executable_path/Frameworks",
				);
				MARKETING_VERSION = 1.0;
				PRODUCT_BUNDLE_IDENTIFIER = "Tark-Wight.mail-service-iOS";
				PRODUCT_NAME = "$(TARGET_NAME)";
				SWIFT_EMIT_LOC_STRINGS = YES;
				SWIFT_VERSION = 5.0;
				TARGETED_DEVICE_FAMILY = "1,2";
			};
			name = Release;
		};
/* End XCBuildConfiguration section */

/* Begin XCConfigurationList section */
		B06E3B5A2C22A6CE0093BAF0 /* Build configuration list for PBXProject "mail-service.iOS" */ = {
			isa = XCConfigurationList;
			buildConfigurations = (
				B06E3B702C22A6CF0093BAF0 /* Debug */,
				B06E3B712C22A6CF0093BAF0 /* Release */,
			);
			defaultConfigurationIsVisible = 0;
			defaultConfigurationName = Release;
		};
		B06E3B722C22A6CF0093BAF0 /* Build configuration list for PBXNativeTarget "mail-service.iOS" */ = {
			isa = XCConfigurationList;
			buildConfigurations = (
				B06E3B732C22A6CF0093BAF0 /* Debug */,
				B06E3B742C22A6CF0093BAF0 /* Release */,
			);
			defaultConfigurationIsVisible = 0;
			defaultConfigurationName = Release;
		};
/* End XCConfigurationList section */

/* Begin XCRemoteSwiftPackageReference section */
		B0780DB12C27FAB00095F55D /* XCRemoteSwiftPackageReference "Alamofire" */ = {
			isa = XCRemoteSwiftPackageReference;
			repositoryURL = "https://github.com/Alamofire/Alamofire";
			requirement = {
				kind = upToNextMajorVersion;
				minimumVersion = 5.9.1;
			};
		};
/* End XCRemoteSwiftPackageReference section */

/* Begin XCSwiftPackageProductDependency section */
		B0780DB22C27FAB00095F55D /* Alamofire */ = {
			isa = XCSwiftPackageProductDependency;
			package = B0780DB12C27FAB00095F55D /* XCRemoteSwiftPackageReference "Alamofire" */;
			productName = Alamofire;
		};
/* End XCSwiftPackageProductDependency section */

/* Begin XCVersionGroup section */
		B06E3B6D2C22A6CF0093BAF0 /* mail_service_iOS.xcdatamodeld */ = {
			isa = XCVersionGroup;
			children = (
				B06E3B6E2C22A6CF0093BAF0 /* mail_service_iOS.xcdatamodel */,
			);
			currentVersion = B06E3B6E2C22A6CF0093BAF0 /* mail_service_iOS.xcdatamodel */;
			path = mail_service_iOS.xcdatamodeld;
			sourceTree = "<group>";
			versionGroupType = wrapper.xcdatamodel;
		};
/* End XCVersionGroup section */
	};
	rootObject = B06E3B572C22A6CE0093BAF0 /* Project object */;
}
